// !$*UTF8*$!
{
	archiveVersion = 1;
	classes = {
	};
	objectVersion = 56;
	objects = {

/* Begin PBXBuildFile section */
		EF79C32D2C16D571009E66BD /* AppDelegate.swift in Sources */ = {isa = PBXBuildFile; fileRef = EF79C32C2C16D571009E66BD /* AppDelegate.swift */; };
		EF79C32F2C16D571009E66BD /* SceneDelegate.swift in Sources */ = {isa = PBXBuildFile; fileRef = EF79C32E2C16D571009E66BD /* SceneDelegate.swift */; };
		EF79C3312C16D571009E66BD /* TrendViewController.swift in Sources */ = {isa = PBXBuildFile; fileRef = EF79C3302C16D571009E66BD /* TrendViewController.swift */; };
		EF79C3362C16D573009E66BD /* Assets.xcassets in Resources */ = {isa = PBXBuildFile; fileRef = EF79C3352C16D573009E66BD /* Assets.xcassets */; };
		EF79C3392C16D573009E66BD /* Base in Resources */ = {isa = PBXBuildFile; fileRef = EF79C3382C16D573009E66BD /* Base */; };
		EF79C3412C16DA2B009E66BD /* .gitignore in Resources */ = {isa = PBXBuildFile; fileRef = EF79C3402C16DA2B009E66BD /* .gitignore */; };
		EF79C3432C16E86D009E66BD /* APIKey.swift in Sources */ = {isa = PBXBuildFile; fileRef = EF79C3422C16E86D009E66BD /* APIKey.swift */; };
		EF79C3452C16F017009E66BD /* Movie.swift in Sources */ = {isa = PBXBuildFile; fileRef = EF79C3442C16F017009E66BD /* Movie.swift */; };
		EF79C3472C16F758009E66BD /* Credit.swift in Sources */ = {isa = PBXBuildFile; fileRef = EF79C3462C16F758009E66BD /* Credit.swift */; };
		EF79C3502C1714AE009E66BD /* TrendTableViewCell.swift in Sources */ = {isa = PBXBuildFile; fileRef = EF79C34F2C1714AE009E66BD /* TrendTableViewCell.swift */; };
		EF79C3522C1714E8009E66BD /* ReuseIdentifierProtocol.swift in Sources */ = {isa = PBXBuildFile; fileRef = EF79C3512C1714E8009E66BD /* ReuseIdentifierProtocol.swift */; };
		EF79C3552C1716E2009E66BD /* UIViewController+.swift in Sources */ = {isa = PBXBuildFile; fileRef = EF79C3542C1716E2009E66BD /* UIViewController+.swift */; };
		EF79C3572C1716F3009E66BD /* UITableViewCell+.swift in Sources */ = {isa = PBXBuildFile; fileRef = EF79C3562C1716F3009E66BD /* UITableViewCell+.swift */; };
		EF79C3662C184A96009E66BD /* SearchCollectionViewController.swift in Sources */ = {isa = PBXBuildFile; fileRef = EF79C3652C184A96009E66BD /* SearchCollectionViewController.swift */; };
		EF79C3682C184CA2009E66BD /* Search.swift in Sources */ = {isa = PBXBuildFile; fileRef = EF79C3672C184CA2009E66BD /* Search.swift */; };
		EF79C36A2C185C53009E66BD /* SearchCollectionViewCell.swift in Sources */ = {isa = PBXBuildFile; fileRef = EF79C3692C185C53009E66BD /* SearchCollectionViewCell.swift */; };
		EF79C36C2C185CAD009E66BD /* UICollectionViewCell+.swift in Sources */ = {isa = PBXBuildFile; fileRef = EF79C36B2C185CAD009E66BD /* UICollectionViewCell+.swift */; };
		EF79C3782C19722E009E66BD /* TrendDateLabel.swift in Sources */ = {isa = PBXBuildFile; fileRef = EF79C3772C19722E009E66BD /* TrendDateLabel.swift */; };
		EF79C37B2C1972AF009E66BD /* Constant.swift in Sources */ = {isa = PBXBuildFile; fileRef = EF79C37A2C1972AF009E66BD /* Constant.swift */; };
		EF79C37D2C197D17009E66BD /* Genres.swift in Sources */ = {isa = PBXBuildFile; fileRef = EF79C37C2C197D16009E66BD /* Genres.swift */; };
		EF85CF8B2C29701900E2C8F9 /* RecommendViewController.swift in Sources */ = {isa = PBXBuildFile; fileRef = EF85CF8A2C29701900E2C8F9 /* RecommendViewController.swift */; };
		EF85CF8D2C29768000E2C8F9 /* Similar.swift in Sources */ = {isa = PBXBuildFile; fileRef = EF85CF8C2C29768000E2C8F9 /* Similar.swift */; };
		EF85CF922C297B6600E2C8F9 /* Recommendations.swift in Sources */ = {isa = PBXBuildFile; fileRef = EF85CF912C297B6500E2C8F9 /* Recommendations.swift */; };
		EF85CF952C29A50F00E2C8F9 /* Alamofire in Frameworks */ = {isa = PBXBuildFile; productRef = EF85CF942C29A50F00E2C8F9 /* Alamofire */; };
		EF85CF982C29A51800E2C8F9 /* SnapKit in Frameworks */ = {isa = PBXBuildFile; productRef = EF85CF972C29A51800E2C8F9 /* SnapKit */; };
		EF85CF9B2C29A52200E2C8F9 /* Kingfisher in Frameworks */ = {isa = PBXBuildFile; productRef = EF85CF9A2C29A52200E2C8F9 /* Kingfisher */; };
		EF85CF9E2C29B33000E2C8F9 /* NetworkManager.swift in Sources */ = {isa = PBXBuildFile; fileRef = EF85CF9D2C29B33000E2C8F9 /* NetworkManager.swift */; };
/* End PBXBuildFile section */

/* Begin PBXFileReference section */
		EF79C3292C16D571009E66BD /* TMDBProject.app */ = {isa = PBXFileReference; explicitFileType = wrapper.application; includeInIndex = 0; path = TMDBProject.app; sourceTree = BUILT_PRODUCTS_DIR; };
		EF79C32C2C16D571009E66BD /* AppDelegate.swift */ = {isa = PBXFileReference; lastKnownFileType = sourcecode.swift; path = AppDelegate.swift; sourceTree = "<group>"; };
		EF79C32E2C16D571009E66BD /* SceneDelegate.swift */ = {isa = PBXFileReference; lastKnownFileType = sourcecode.swift; path = SceneDelegate.swift; sourceTree = "<group>"; };
		EF79C3302C16D571009E66BD /* TrendViewController.swift */ = {isa = PBXFileReference; lastKnownFileType = sourcecode.swift; path = TrendViewController.swift; sourceTree = "<group>"; };
		EF79C3352C16D573009E66BD /* Assets.xcassets */ = {isa = PBXFileReference; lastKnownFileType = folder.assetcatalog; path = Assets.xcassets; sourceTree = "<group>"; };
		EF79C3382C16D573009E66BD /* Base */ = {isa = PBXFileReference; lastKnownFileType = file.storyboard; name = Base; path = Base.lproj/LaunchScreen.storyboard; sourceTree = "<group>"; };
		EF79C33A2C16D573009E66BD /* Info.plist */ = {isa = PBXFileReference; lastKnownFileType = text.plist.xml; path = Info.plist; sourceTree = "<group>"; };
		EF79C3402C16DA2B009E66BD /* .gitignore */ = {isa = PBXFileReference; lastKnownFileType = text; path = .gitignore; sourceTree = "<group>"; };
		EF79C3422C16E86D009E66BD /* APIKey.swift */ = {isa = PBXFileReference; lastKnownFileType = sourcecode.swift; path = APIKey.swift; sourceTree = "<group>"; };
		EF79C3442C16F017009E66BD /* Movie.swift */ = {isa = PBXFileReference; lastKnownFileType = sourcecode.swift; path = Movie.swift; sourceTree = "<group>"; };
		EF79C3462C16F758009E66BD /* Credit.swift */ = {isa = PBXFileReference; lastKnownFileType = sourcecode.swift; path = Credit.swift; sourceTree = "<group>"; };
		EF79C34F2C1714AE009E66BD /* TrendTableViewCell.swift */ = {isa = PBXFileReference; lastKnownFileType = sourcecode.swift; path = TrendTableViewCell.swift; sourceTree = "<group>"; };
		EF79C3512C1714E8009E66BD /* ReuseIdentifierProtocol.swift */ = {isa = PBXFileReference; lastKnownFileType = sourcecode.swift; path = ReuseIdentifierProtocol.swift; sourceTree = "<group>"; };
		EF79C3542C1716E2009E66BD /* UIViewController+.swift */ = {isa = PBXFileReference; lastKnownFileType = sourcecode.swift; path = "UIViewController+.swift"; sourceTree = "<group>"; };
		EF79C3562C1716F3009E66BD /* UITableViewCell+.swift */ = {isa = PBXFileReference; lastKnownFileType = sourcecode.swift; path = "UITableViewCell+.swift"; sourceTree = "<group>"; };
		EF79C3652C184A96009E66BD /* SearchCollectionViewController.swift */ = {isa = PBXFileReference; lastKnownFileType = sourcecode.swift; path = SearchCollectionViewController.swift; sourceTree = "<group>"; };
		EF79C3672C184CA2009E66BD /* Search.swift */ = {isa = PBXFileReference; lastKnownFileType = sourcecode.swift; path = Search.swift; sourceTree = "<group>"; };
		EF79C3692C185C53009E66BD /* SearchCollectionViewCell.swift */ = {isa = PBXFileReference; lastKnownFileType = sourcecode.swift; path = SearchCollectionViewCell.swift; sourceTree = "<group>"; };
		EF79C36B2C185CAD009E66BD /* UICollectionViewCell+.swift */ = {isa = PBXFileReference; lastKnownFileType = sourcecode.swift; path = "UICollectionViewCell+.swift"; sourceTree = "<group>"; };
		EF79C3772C19722E009E66BD /* TrendDateLabel.swift */ = {isa = PBXFileReference; lastKnownFileType = sourcecode.swift; path = TrendDateLabel.swift; sourceTree = "<group>"; };
		EF79C37A2C1972AF009E66BD /* Constant.swift */ = {isa = PBXFileReference; lastKnownFileType = sourcecode.swift; path = Constant.swift; sourceTree = "<group>"; };
		EF79C37C2C197D16009E66BD /* Genres.swift */ = {isa = PBXFileReference; lastKnownFileType = sourcecode.swift; path = Genres.swift; sourceTree = "<group>"; };
		EF85CF8A2C29701900E2C8F9 /* RecommendViewController.swift */ = {isa = PBXFileReference; lastKnownFileType = sourcecode.swift; path = RecommendViewController.swift; sourceTree = "<group>"; };
		EF85CF8C2C29768000E2C8F9 /* Similar.swift */ = {isa = PBXFileReference; lastKnownFileType = sourcecode.swift; path = Similar.swift; sourceTree = "<group>"; };
		EF85CF912C297B6500E2C8F9 /* Recommendations.swift */ = {isa = PBXFileReference; lastKnownFileType = sourcecode.swift; path = Recommendations.swift; sourceTree = "<group>"; };
		EF85CF9D2C29B33000E2C8F9 /* NetworkManager.swift */ = {isa = PBXFileReference; lastKnownFileType = sourcecode.swift; path = NetworkManager.swift; sourceTree = "<group>"; };
/* End PBXFileReference section */

/* Begin PBXFrameworksBuildPhase section */
		EF79C3262C16D571009E66BD /* Frameworks */ = {
			isa = PBXFrameworksBuildPhase;
			buildActionMask = 2147483647;
			files = (
				EF85CF9B2C29A52200E2C8F9 /* Kingfisher in Frameworks */,
				EF85CF952C29A50F00E2C8F9 /* Alamofire in Frameworks */,
				EF85CF982C29A51800E2C8F9 /* SnapKit in Frameworks */,
			);
			runOnlyForDeploymentPostprocessing = 0;
		};
/* End PBXFrameworksBuildPhase section */

/* Begin PBXGroup section */
		EF79C3202C16D571009E66BD = {
			isa = PBXGroup;
			children = (
				EF79C3402C16DA2B009E66BD /* .gitignore */,
				EF79C32B2C16D571009E66BD /* TMDBProject */,
				EF79C32A2C16D571009E66BD /* Products */,
			);
			sourceTree = "<group>";
		};
		EF79C32A2C16D571009E66BD /* Products */ = {
			isa = PBXGroup;
			children = (
				EF79C3292C16D571009E66BD /* TMDBProject.app */,
			);
			name = Products;
			sourceTree = "<group>";
		};
		EF79C32B2C16D571009E66BD /* TMDBProject */ = {
			isa = PBXGroup;
			children = (
				EF85CF9C2C29B31700E2C8F9 /* Manager */,
				EF79C3792C197298009E66BD /* Constant */,
				EF79C3762C1971C4009E66BD /* CustomView */,
				EF79C3642C184A7D009E66BD /* Search */,
				EF79C3632C184A40009E66BD /* Trend */,
				EF79C3532C1716CA009E66BD /* Extensions */,
				EF79C34E2C16FBD6009E66BD /* Model */,
				EF79C32C2C16D571009E66BD /* AppDelegate.swift */,
				EF79C32E2C16D571009E66BD /* SceneDelegate.swift */,
				EF79C3352C16D573009E66BD /* Assets.xcassets */,
				EF79C3372C16D573009E66BD /* LaunchScreen.storyboard */,
				EF79C33A2C16D573009E66BD /* Info.plist */,
				EF79C3422C16E86D009E66BD /* APIKey.swift */,
				EF79C3512C1714E8009E66BD /* ReuseIdentifierProtocol.swift */,
			);
			path = TMDBProject;
			sourceTree = "<group>";
		};
		EF79C34E2C16FBD6009E66BD /* Model */ = {
			isa = PBXGroup;
			children = (
				EF79C3442C16F017009E66BD /* Movie.swift */,
				EF79C3462C16F758009E66BD /* Credit.swift */,
				EF79C3672C184CA2009E66BD /* Search.swift */,
				EF79C37C2C197D16009E66BD /* Genres.swift */,
				EF85CF8C2C29768000E2C8F9 /* Similar.swift */,
				EF85CF912C297B6500E2C8F9 /* Recommendations.swift */,
			);
			path = Model;
			sourceTree = "<group>";
		};
		EF79C3532C1716CA009E66BD /* Extensions */ = {
			isa = PBXGroup;
			children = (
				EF79C3542C1716E2009E66BD /* UIViewController+.swift */,
				EF79C3562C1716F3009E66BD /* UITableViewCell+.swift */,
				EF79C36B2C185CAD009E66BD /* UICollectionViewCell+.swift */,
			);
			path = Extensions;
			sourceTree = "<group>";
		};
		EF79C3632C184A40009E66BD /* Trend */ = {
			isa = PBXGroup;
			children = (
				EF79C3302C16D571009E66BD /* TrendViewController.swift */,
				EF79C34F2C1714AE009E66BD /* TrendTableViewCell.swift */,
			);
			path = Trend;
			sourceTree = "<group>";
		};
		EF79C3642C184A7D009E66BD /* Search */ = {
			isa = PBXGroup;
			children = (
				EF79C3652C184A96009E66BD /* SearchCollectionViewController.swift */,
				EF79C3692C185C53009E66BD /* SearchCollectionViewCell.swift */,
				EF85CF8A2C29701900E2C8F9 /* RecommendViewController.swift */,
			);
			path = Search;
			sourceTree = "<group>";
		};
		EF79C3762C1971C4009E66BD /* CustomView */ = {
			isa = PBXGroup;
			children = (
				EF79C3772C19722E009E66BD /* TrendDateLabel.swift */,
			);
			path = CustomView;
			sourceTree = "<group>";
		};
		EF79C3792C197298009E66BD /* Constant */ = {
			isa = PBXGroup;
			children = (
				EF79C37A2C1972AF009E66BD /* Constant.swift */,
			);
			path = Constant;
			sourceTree = "<group>";
		};
		EF85CF9C2C29B31700E2C8F9 /* Manager */ = {
			isa = PBXGroup;
			children = (
				EF85CF9D2C29B33000E2C8F9 /* NetworkManager.swift */,
			);
			path = Manager;
			sourceTree = "<group>";
		};
/* End PBXGroup section */

/* Begin PBXNativeTarget section */
		EF79C3282C16D571009E66BD /* TMDBProject */ = {
			isa = PBXNativeTarget;
			buildConfigurationList = EF79C33D2C16D573009E66BD /* Build configuration list for PBXNativeTarget "TMDBProject" */;
			buildPhases = (
				EF79C3252C16D571009E66BD /* Sources */,
				EF79C3262C16D571009E66BD /* Frameworks */,
				EF79C3272C16D571009E66BD /* Resources */,
			);
			buildRules = (
			);
			dependencies = (
			);
			name = TMDBProject;
			packageProductDependencies = (
				EF85CF942C29A50F00E2C8F9 /* Alamofire */,
				EF85CF972C29A51800E2C8F9 /* SnapKit */,
				EF85CF9A2C29A52200E2C8F9 /* Kingfisher */,
			);
			productName = TMDBProject;
			productReference = EF79C3292C16D571009E66BD /* TMDBProject.app */;
			productType = "com.apple.product-type.application";
		};
/* End PBXNativeTarget section */

/* Begin PBXProject section */
		EF79C3212C16D571009E66BD /* Project object */ = {
			isa = PBXProject;
			attributes = {
				BuildIndependentTargetsInParallel = 1;
				LastSwiftUpdateCheck = 1530;
				LastUpgradeCheck = 1530;
				TargetAttributes = {
					EF79C3282C16D571009E66BD = {
						CreatedOnToolsVersion = 15.3;
					};
				};
			};
			buildConfigurationList = EF79C3242C16D571009E66BD /* Build configuration list for PBXProject "TMDBProject" */;
			compatibilityVersion = "Xcode 14.0";
			developmentRegion = en;
			hasScannedForEncodings = 0;
			knownRegions = (
				en,
				Base,
			);
			mainGroup = EF79C3202C16D571009E66BD;
			packageReferences = (
				EF85CF932C29A50F00E2C8F9 /* XCRemoteSwiftPackageReference "Alamofire" */,
				EF85CF962C29A51800E2C8F9 /* XCRemoteSwiftPackageReference "SnapKit" */,
				EF85CF992C29A52100E2C8F9 /* XCRemoteSwiftPackageReference "Kingfisher" */,
			);
			productRefGroup = EF79C32A2C16D571009E66BD /* Products */;
			projectDirPath = "";
			projectRoot = "";
			targets = (
				EF79C3282C16D571009E66BD /* TMDBProject */,
			);
		};
/* End PBXProject section */

/* Begin PBXResourcesBuildPhase section */
		EF79C3272C16D571009E66BD /* Resources */ = {
			isa = PBXResourcesBuildPhase;
			buildActionMask = 2147483647;
			files = (
				EF79C3362C16D573009E66BD /* Assets.xcassets in Resources */,
				EF79C3412C16DA2B009E66BD /* .gitignore in Resources */,
				EF79C3392C16D573009E66BD /* Base in Resources */,
			);
			runOnlyForDeploymentPostprocessing = 0;
		};
/* End PBXResourcesBuildPhase section */

/* Begin PBXSourcesBuildPhase section */
		EF79C3252C16D571009E66BD /* Sources */ = {
			isa = PBXSourcesBuildPhase;
			buildActionMask = 2147483647;
			files = (
				EF79C3472C16F758009E66BD /* Credit.swift in Sources */,
				EF79C37D2C197D17009E66BD /* Genres.swift in Sources */,
				EF79C3662C184A96009E66BD /* SearchCollectionViewController.swift in Sources */,
				EF85CF9E2C29B33000E2C8F9 /* NetworkManager.swift in Sources */,
				EF79C3782C19722E009E66BD /* TrendDateLabel.swift in Sources */,
				EF85CF922C297B6600E2C8F9 /* Recommendations.swift in Sources */,
				EF79C37B2C1972AF009E66BD /* Constant.swift in Sources */,
				EF79C3522C1714E8009E66BD /* ReuseIdentifierProtocol.swift in Sources */,
				EF79C3312C16D571009E66BD /* TrendViewController.swift in Sources */,
				EF79C3572C1716F3009E66BD /* UITableViewCell+.swift in Sources */,
				EF79C3502C1714AE009E66BD /* TrendTableViewCell.swift in Sources */,
				EF79C32D2C16D571009E66BD /* AppDelegate.swift in Sources */,
				EF79C3552C1716E2009E66BD /* UIViewController+.swift in Sources */,
				EF85CF8B2C29701900E2C8F9 /* RecommendViewController.swift in Sources */,
				EF79C36C2C185CAD009E66BD /* UICollectionViewCell+.swift in Sources */,
				EF79C3432C16E86D009E66BD /* APIKey.swift in Sources */,
				EF79C36A2C185C53009E66BD /* SearchCollectionViewCell.swift in Sources */,
				EF79C3682C184CA2009E66BD /* Search.swift in Sources */,
				EF85CF8D2C29768000E2C8F9 /* Similar.swift in Sources */,
				EF79C32F2C16D571009E66BD /* SceneDelegate.swift in Sources */,
				EF79C3452C16F017009E66BD /* Movie.swift in Sources */,
			);
			runOnlyForDeploymentPostprocessing = 0;
		};
/* End PBXSourcesBuildPhase section */

/* Begin PBXVariantGroup section */
		EF79C3372C16D573009E66BD /* LaunchScreen.storyboard */ = {
			isa = PBXVariantGroup;
			children = (
				EF79C3382C16D573009E66BD /* Base */,
			);
			name = LaunchScreen.storyboard;
			sourceTree = "<group>";
		};
/* End PBXVariantGroup section */

/* Begin XCBuildConfiguration section */
		EF79C33B2C16D573009E66BD /* Debug */ = {
			isa = XCBuildConfiguration;
			buildSettings = {
				ALWAYS_SEARCH_USER_PATHS = NO;
				ASSETCATALOG_COMPILER_GENERATE_SWIFT_ASSET_SYMBOL_EXTENSIONS = YES;
				CLANG_ANALYZER_NONNULL = YES;
				CLANG_ANALYZER_NUMBER_OBJECT_CONVERSION = YES_AGGRESSIVE;
				CLANG_CXX_LANGUAGE_STANDARD = "gnu++20";
				CLANG_ENABLE_MODULES = YES;
				CLANG_ENABLE_OBJC_ARC = YES;
				CLANG_ENABLE_OBJC_WEAK = YES;
				CLANG_WARN_BLOCK_CAPTURE_AUTORELEASING = YES;
				CLANG_WARN_BOOL_CONVERSION = YES;
				CLANG_WARN_COMMA = YES;
				CLANG_WARN_CONSTANT_CONVERSION = YES;
				CLANG_WARN_DEPRECATED_OBJC_IMPLEMENTATIONS = YES;
				CLANG_WARN_DIRECT_OBJC_ISA_USAGE = YES_ERROR;
				CLANG_WARN_DOCUMENTATION_COMMENTS = YES;
				CLANG_WARN_EMPTY_BODY = YES;
				CLANG_WARN_ENUM_CONVERSION = YES;
				CLANG_WARN_INFINITE_RECURSION = YES;
				CLANG_WARN_INT_CONVERSION = YES;
				CLANG_WARN_NON_LITERAL_NULL_CONVERSION = YES;
				CLANG_WARN_OBJC_IMPLICIT_RETAIN_SELF = YES;
				CLANG_WARN_OBJC_LITERAL_CONVERSION = YES;
				CLANG_WARN_OBJC_ROOT_CLASS = YES_ERROR;
				CLANG_WARN_QUOTED_INCLUDE_IN_FRAMEWORK_HEADER = YES;
				CLANG_WARN_RANGE_LOOP_ANALYSIS = YES;
				CLANG_WARN_STRICT_PROTOTYPES = YES;
				CLANG_WARN_SUSPICIOUS_MOVE = YES;
				CLANG_WARN_UNGUARDED_AVAILABILITY = YES_AGGRESSIVE;
				CLANG_WARN_UNREACHABLE_CODE = YES;
				CLANG_WARN__DUPLICATE_METHOD_MATCH = YES;
				COPY_PHASE_STRIP = NO;
				DEBUG_INFORMATION_FORMAT = dwarf;
				ENABLE_STRICT_OBJC_MSGSEND = YES;
				ENABLE_TESTABILITY = YES;
				ENABLE_USER_SCRIPT_SANDBOXING = YES;
				GCC_C_LANGUAGE_STANDARD = gnu17;
				GCC_DYNAMIC_NO_PIC = NO;
				GCC_NO_COMMON_BLOCKS = YES;
				GCC_OPTIMIZATION_LEVEL = 0;
				GCC_PREPROCESSOR_DEFINITIONS = (
					"DEBUG=1",
					"$(inherited)",
				);
				GCC_WARN_64_TO_32_BIT_CONVERSION = YES;
				GCC_WARN_ABOUT_RETURN_TYPE = YES_ERROR;
				GCC_WARN_UNDECLARED_SELECTOR = YES;
				GCC_WARN_UNINITIALIZED_AUTOS = YES_AGGRESSIVE;
				GCC_WARN_UNUSED_FUNCTION = YES;
				GCC_WARN_UNUSED_VARIABLE = YES;
				IPHONEOS_DEPLOYMENT_TARGET = 17.4;
				LOCALIZATION_PREFERS_STRING_CATALOGS = YES;
				MTL_ENABLE_DEBUG_INFO = INCLUDE_SOURCE;
				MTL_FAST_MATH = YES;
				ONLY_ACTIVE_ARCH = YES;
				SDKROOT = iphoneos;
				SWIFT_ACTIVE_COMPILATION_CONDITIONS = "DEBUG $(inherited)";
				SWIFT_OPTIMIZATION_LEVEL = "-Onone";
			};
			name = Debug;
		};
		EF79C33C2C16D573009E66BD /* Release */ = {
			isa = XCBuildConfiguration;
			buildSettings = {
				ALWAYS_SEARCH_USER_PATHS = NO;
				ASSETCATALOG_COMPILER_GENERATE_SWIFT_ASSET_SYMBOL_EXTENSIONS = YES;
				CLANG_ANALYZER_NONNULL = YES;
				CLANG_ANALYZER_NUMBER_OBJECT_CONVERSION = YES_AGGRESSIVE;
				CLANG_CXX_LANGUAGE_STANDARD = "gnu++20";
				CLANG_ENABLE_MODULES = YES;
				CLANG_ENABLE_OBJC_ARC = YES;
				CLANG_ENABLE_OBJC_WEAK = YES;
				CLANG_WARN_BLOCK_CAPTURE_AUTORELEASING = YES;
				CLANG_WARN_BOOL_CONVERSION = YES;
				CLANG_WARN_COMMA = YES;
				CLANG_WARN_CONSTANT_CONVERSION = YES;
				CLANG_WARN_DEPRECATED_OBJC_IMPLEMENTATIONS = YES;
				CLANG_WARN_DIRECT_OBJC_ISA_USAGE = YES_ERROR;
				CLANG_WARN_DOCUMENTATION_COMMENTS = YES;
				CLANG_WARN_EMPTY_BODY = YES;
				CLANG_WARN_ENUM_CONVERSION = YES;
				CLANG_WARN_INFINITE_RECURSION = YES;
				CLANG_WARN_INT_CONVERSION = YES;
				CLANG_WARN_NON_LITERAL_NULL_CONVERSION = YES;
				CLANG_WARN_OBJC_IMPLICIT_RETAIN_SELF = YES;
				CLANG_WARN_OBJC_LITERAL_CONVERSION = YES;
				CLANG_WARN_OBJC_ROOT_CLASS = YES_ERROR;
				CLANG_WARN_QUOTED_INCLUDE_IN_FRAMEWORK_HEADER = YES;
				CLANG_WARN_RANGE_LOOP_ANALYSIS = YES;
				CLANG_WARN_STRICT_PROTOTYPES = YES;
				CLANG_WARN_SUSPICIOUS_MOVE = YES;
				CLANG_WARN_UNGUARDED_AVAILABILITY = YES_AGGRESSIVE;
				CLANG_WARN_UNREACHABLE_CODE = YES;
				CLANG_WARN__DUPLICATE_METHOD_MATCH = YES;
				COPY_PHASE_STRIP = NO;
				DEBUG_INFORMATION_FORMAT = "dwarf-with-dsym";
				ENABLE_NS_ASSERTIONS = NO;
				ENABLE_STRICT_OBJC_MSGSEND = YES;
				ENABLE_USER_SCRIPT_SANDBOXING = YES;
				GCC_C_LANGUAGE_STANDARD = gnu17;
				GCC_NO_COMMON_BLOCKS = YES;
				GCC_WARN_64_TO_32_BIT_CONVERSION = YES;
				GCC_WARN_ABOUT_RETURN_TYPE = YES_ERROR;
				GCC_WARN_UNDECLARED_SELECTOR = YES;
				GCC_WARN_UNINITIALIZED_AUTOS = YES_AGGRESSIVE;
				GCC_WARN_UNUSED_FUNCTION = YES;
				GCC_WARN_UNUSED_VARIABLE = YES;
				IPHONEOS_DEPLOYMENT_TARGET = 17.4;
				LOCALIZATION_PREFERS_STRING_CATALOGS = YES;
				MTL_ENABLE_DEBUG_INFO = NO;
				MTL_FAST_MATH = YES;
				SDKROOT = iphoneos;
				SWIFT_COMPILATION_MODE = wholemodule;
				VALIDATE_PRODUCT = YES;
			};
			name = Release;
		};
		EF79C33E2C16D573009E66BD /* Debug */ = {
			isa = XCBuildConfiguration;
			buildSettings = {
				ASSETCATALOG_COMPILER_APPICON_NAME = AppIcon;
				ASSETCATALOG_COMPILER_GLOBAL_ACCENT_COLOR_NAME = AccentColor;
				CODE_SIGN_STYLE = Automatic;
				CURRENT_PROJECT_VERSION = 1;
				GENERATE_INFOPLIST_FILE = YES;
				INFOPLIST_FILE = TMDBProject/Info.plist;
				INFOPLIST_KEY_UIApplicationSupportsIndirectInputEvents = YES;
				INFOPLIST_KEY_UILaunchStoryboardName = LaunchScreen;
				INFOPLIST_KEY_UISupportedInterfaceOrientations = UIInterfaceOrientationPortrait;
				INFOPLIST_KEY_UISupportedInterfaceOrientations_iPad = "UIInterfaceOrientationLandscapeLeft UIInterfaceOrientationLandscapeRight UIInterfaceOrientationPortrait UIInterfaceOrientationPortraitUpsideDown";
				IPHONEOS_DEPLOYMENT_TARGET = 16.0;
				LD_RUNPATH_SEARCH_PATHS = (
					"$(inherited)",
					"@executable_path/Frameworks",
				);
				MARKETING_VERSION = 1.0;
				PRODUCT_BUNDLE_IDENTIFIER = com.seunghye.TMDBProject;
				PRODUCT_NAME = "$(TARGET_NAME)";
				SUPPORTED_PLATFORMS = "iphoneos iphonesimulator";
				SUPPORTS_MACCATALYST = NO;
				SUPPORTS_MAC_DESIGNED_FOR_IPHONE_IPAD = NO;
				SUPPORTS_XR_DESIGNED_FOR_IPHONE_IPAD = NO;
				SWIFT_EMIT_LOC_STRINGS = YES;
				SWIFT_VERSION = 5.0;
				TARGETED_DEVICE_FAMILY = 1;
			};
			name = Debug;
		};
		EF79C33F2C16D573009E66BD /* Release */ = {
			isa = XCBuildConfiguration;
			buildSettings = {
				ASSETCATALOG_COMPILER_APPICON_NAME = AppIcon;
				ASSETCATALOG_COMPILER_GLOBAL_ACCENT_COLOR_NAME = AccentColor;
				CODE_SIGN_STYLE = Automatic;
				CURRENT_PROJECT_VERSION = 1;
				GENERATE_INFOPLIST_FILE = YES;
				INFOPLIST_FILE = TMDBProject/Info.plist;
				INFOPLIST_KEY_UIApplicationSupportsIndirectInputEvents = YES;
				INFOPLIST_KEY_UILaunchStoryboardName = LaunchScreen;
				INFOPLIST_KEY_UISupportedInterfaceOrientations = UIInterfaceOrientationPortrait;
				INFOPLIST_KEY_UISupportedInterfaceOrientations_iPad = "UIInterfaceOrientationLandscapeLeft UIInterfaceOrientationLandscapeRight UIInterfaceOrientationPortrait UIInterfaceOrientationPortraitUpsideDown";
				IPHONEOS_DEPLOYMENT_TARGET = 16.0;
				LD_RUNPATH_SEARCH_PATHS = (
					"$(inherited)",
					"@executable_path/Frameworks",
				);
				MARKETING_VERSION = 1.0;
				PRODUCT_BUNDLE_IDENTIFIER = com.seunghye.TMDBProject;
				PRODUCT_NAME = "$(TARGET_NAME)";
				SUPPORTED_PLATFORMS = "iphoneos iphonesimulator";
				SUPPORTS_MACCATALYST = NO;
				SUPPORTS_MAC_DESIGNED_FOR_IPHONE_IPAD = NO;
				SUPPORTS_XR_DESIGNED_FOR_IPHONE_IPAD = NO;
				SWIFT_EMIT_LOC_STRINGS = YES;
				SWIFT_VERSION = 5.0;
				TARGETED_DEVICE_FAMILY = 1;
			};
			name = Release;
		};
/* End XCBuildConfiguration section */

/* Begin XCConfigurationList section */
		EF79C3242C16D571009E66BD /* Build configuration list for PBXProject "TMDBProject" */ = {
			isa = XCConfigurationList;
			buildConfigurations = (
				EF79C33B2C16D573009E66BD /* Debug */,
				EF79C33C2C16D573009E66BD /* Release */,
			);
			defaultConfigurationIsVisible = 0;
			defaultConfigurationName = Release;
		};
		EF79C33D2C16D573009E66BD /* Build configuration list for PBXNativeTarget "TMDBProject" */ = {
			isa = XCConfigurationList;
			buildConfigurations = (
				EF79C33E2C16D573009E66BD /* Debug */,
				EF79C33F2C16D573009E66BD /* Release */,
			);
			defaultConfigurationIsVisible = 0;
			defaultConfigurationName = Release;
		};
/* End XCConfigurationList section */

/* Begin XCRemoteSwiftPackageReference section */
		EF85CF932C29A50F00E2C8F9 /* XCRemoteSwiftPackageReference "Alamofire" */ = {
			isa = XCRemoteSwiftPackageReference;
			repositoryURL = "https://github.com/Alamofire/Alamofire.git";
			requirement = {
				kind = upToNextMajorVersion;
				minimumVersion = 5.9.1;
			};
		};
		EF85CF962C29A51800E2C8F9 /* XCRemoteSwiftPackageReference "SnapKit" */ = {
			isa = XCRemoteSwiftPackageReference;
			repositoryURL = "https://github.com/SnapKit/SnapKit.git";
			requirement = {
				kind = upToNextMajorVersion;
				minimumVersion = 5.7.1;
			};
		};
		EF85CF992C29A52100E2C8F9 /* XCRemoteSwiftPackageReference "Kingfisher" */ = {
			isa = XCRemoteSwiftPackageReference;
			repositoryURL = "https://github.com/onevcat/Kingfisher.git";
			requirement = {
				kind = upToNextMajorVersion;
				minimumVersion = 7.12.0;
			};
		};
/* End XCRemoteSwiftPackageReference section */

/* Begin XCSwiftPackageProductDependency section */
		EF85CF942C29A50F00E2C8F9 /* Alamofire */ = {
			isa = XCSwiftPackageProductDependency;
			package = EF85CF932C29A50F00E2C8F9 /* XCRemoteSwiftPackageReference "Alamofire" */;
			productName = Alamofire;
		};
		EF85CF972C29A51800E2C8F9 /* SnapKit */ = {
			isa = XCSwiftPackageProductDependency;
			package = EF85CF962C29A51800E2C8F9 /* XCRemoteSwiftPackageReference "SnapKit" */;
			productName = SnapKit;
		};
		EF85CF9A2C29A52200E2C8F9 /* Kingfisher */ = {
			isa = XCSwiftPackageProductDependency;
			package = EF85CF992C29A52100E2C8F9 /* XCRemoteSwiftPackageReference "Kingfisher" */;
			productName = Kingfisher;
		};
/* End XCSwiftPackageProductDependency section */
	};
	rootObject = EF79C3212C16D571009E66BD /* Project object */;
}
